// !$*UTF8*$!
{
	archiveVersion = 1;
	classes = {
	};
	objectVersion = 51;
	objects = {

/* Begin PBXBuildFile section */
		89925FAD40F65FBDB217B510 /* Pods_NewsApp.framework in Frameworks */ = {isa = PBXBuildFile; fileRef = 1915BC2D8F11227A240065D1 /* Pods_NewsApp.framework */; };
		914BDF7E26CFF9AA00465E41 /* ArticleTableViewCell.swift in Sources */ = {isa = PBXBuildFile; fileRef = 914BDF7C26CFF9AA00465E41 /* ArticleTableViewCell.swift */; };
		914BDF7F26CFF9AA00465E41 /* ArticleTableViewCell.xib in Resources */ = {isa = PBXBuildFile; fileRef = 914BDF7D26CFF9AA00465E41 /* ArticleTableViewCell.xib */; };
		914BDF8426CFFAAD00465E41 /* NewsFeedViewModel.swift in Sources */ = {isa = PBXBuildFile; fileRef = 914BDF8326CFFAAD00465E41 /* NewsFeedViewModel.swift */; };
		914BDF9226D0195400465E41 /* UtitlyManager.swift in Sources */ = {isa = PBXBuildFile; fileRef = 914BDF9126D0195400465E41 /* UtitlyManager.swift */; };
		914BDF9E26D02D6B00465E41 /* CategoryCollectionViewCell.swift in Sources */ = {isa = PBXBuildFile; fileRef = 914BDF9C26D02D6A00465E41 /* CategoryCollectionViewCell.swift */; };
		914BDF9F26D02D6B00465E41 /* CategoryCollectionViewCell.xib in Resources */ = {isa = PBXBuildFile; fileRef = 914BDF9D26D02D6A00465E41 /* CategoryCollectionViewCell.xib */; };
		914BDFA226D02E5300465E41 /* Category.swift in Sources */ = {isa = PBXBuildFile; fileRef = 914BDFA126D02E5300465E41 /* Category.swift */; };
		914BDFB026D0A3DF00465E41 /* ArticleDetailViewController.swift in Sources */ = {isa = PBXBuildFile; fileRef = 914BDFAF26D0A3DF00465E41 /* ArticleDetailViewController.swift */; };
		91D6D4D726CE7D9200215DFE /* AppDelegate.swift in Sources */ = {isa = PBXBuildFile; fileRef = 91D6D4D626CE7D9200215DFE /* AppDelegate.swift */; };
		91D6D4D926CE7D9200215DFE /* SceneDelegate.swift in Sources */ = {isa = PBXBuildFile; fileRef = 91D6D4D826CE7D9200215DFE /* SceneDelegate.swift */; };
		91D6D4DB26CE7D9200215DFE /* NewsFeedViewController.swift in Sources */ = {isa = PBXBuildFile; fileRef = 91D6D4DA26CE7D9200215DFE /* NewsFeedViewController.swift */; };
		91D6D4DE26CE7D9200215DFE /* Main.storyboard in Resources */ = {isa = PBXBuildFile; fileRef = 91D6D4DC26CE7D9200215DFE /* Main.storyboard */; };
		91D6D4E026CE7D9400215DFE /* Assets.xcassets in Resources */ = {isa = PBXBuildFile; fileRef = 91D6D4DF26CE7D9400215DFE /* Assets.xcassets */; };
		91D6D4E326CE7D9400215DFE /* LaunchScreen.storyboard in Resources */ = {isa = PBXBuildFile; fileRef = 91D6D4E126CE7D9400215DFE /* LaunchScreen.storyboard */; };
		91D6D4F326CE898600215DFE /* NewsApiManager.swift in Sources */ = {isa = PBXBuildFile; fileRef = 91D6D4F226CE898600215DFE /* NewsApiManager.swift */; };
		91D6D4F726CE8B0900215DFE /* Article.swift in Sources */ = {isa = PBXBuildFile; fileRef = 91D6D4F626CE8B0900215DFE /* Article.swift */; };
		91D6D4FA26CE8C7500215DFE /* Globals.swift in Sources */ = {isa = PBXBuildFile; fileRef = 91D6D4F926CE8C7500215DFE /* Globals.swift */; };
		91D6D4FD26CE987200215DFE /* NewsApiResponse.swift in Sources */ = {isa = PBXBuildFile; fileRef = 91D6D4FC26CE987200215DFE /* NewsApiResponse.swift */; };
/* End PBXBuildFile section */

/* Begin PBXFileReference section */
		1915BC2D8F11227A240065D1 /* Pods_NewsApp.framework */ = {isa = PBXFileReference; explicitFileType = wrapper.framework; includeInIndex = 0; path = Pods_NewsApp.framework; sourceTree = BUILT_PRODUCTS_DIR; };
		51160C0C2BF9563A3FC8D675 /* Pods-NewsApp.release.xcconfig */ = {isa = PBXFileReference; includeInIndex = 1; lastKnownFileType = text.xcconfig; name = "Pods-NewsApp.release.xcconfig"; path = "Target Support Files/Pods-NewsApp/Pods-NewsApp.release.xcconfig"; sourceTree = "<group>"; };
		914BDF7C26CFF9AA00465E41 /* ArticleTableViewCell.swift */ = {isa = PBXFileReference; lastKnownFileType = sourcecode.swift; path = ArticleTableViewCell.swift; sourceTree = "<group>"; };
		914BDF7D26CFF9AA00465E41 /* ArticleTableViewCell.xib */ = {isa = PBXFileReference; lastKnownFileType = file.xib; path = ArticleTableViewCell.xib; sourceTree = "<group>"; };
		914BDF8326CFFAAD00465E41 /* NewsFeedViewModel.swift */ = {isa = PBXFileReference; lastKnownFileType = sourcecode.swift; path = NewsFeedViewModel.swift; sourceTree = "<group>"; };
		914BDF9126D0195400465E41 /* UtitlyManager.swift */ = {isa = PBXFileReference; lastKnownFileType = sourcecode.swift; path = UtitlyManager.swift; sourceTree = "<group>"; };
		914BDF9C26D02D6A00465E41 /* CategoryCollectionViewCell.swift */ = {isa = PBXFileReference; lastKnownFileType = sourcecode.swift; path = CategoryCollectionViewCell.swift; sourceTree = "<group>"; };
		914BDF9D26D02D6A00465E41 /* CategoryCollectionViewCell.xib */ = {isa = PBXFileReference; lastKnownFileType = file.xib; path = CategoryCollectionViewCell.xib; sourceTree = "<group>"; };
		914BDFA126D02E5300465E41 /* Category.swift */ = {isa = PBXFileReference; lastKnownFileType = sourcecode.swift; path = Category.swift; sourceTree = "<group>"; };
		914BDFAF26D0A3DF00465E41 /* ArticleDetailViewController.swift */ = {isa = PBXFileReference; lastKnownFileType = sourcecode.swift; path = ArticleDetailViewController.swift; sourceTree = "<group>"; };
		91D6D4D326CE7D9200215DFE /* NewsApp.app */ = {isa = PBXFileReference; explicitFileType = wrapper.application; includeInIndex = 0; path = NewsApp.app; sourceTree = BUILT_PRODUCTS_DIR; };
		91D6D4D626CE7D9200215DFE /* AppDelegate.swift */ = {isa = PBXFileReference; lastKnownFileType = sourcecode.swift; path = AppDelegate.swift; sourceTree = "<group>"; };
		91D6D4D826CE7D9200215DFE /* SceneDelegate.swift */ = {isa = PBXFileReference; lastKnownFileType = sourcecode.swift; path = SceneDelegate.swift; sourceTree = "<group>"; };
		91D6D4DA26CE7D9200215DFE /* NewsFeedViewController.swift */ = {isa = PBXFileReference; lastKnownFileType = sourcecode.swift; path = NewsFeedViewController.swift; sourceTree = "<group>"; };
		91D6D4DD26CE7D9200215DFE /* Base */ = {isa = PBXFileReference; lastKnownFileType = file.storyboard; name = Base; path = Base.lproj/Main.storyboard; sourceTree = "<group>"; };
		91D6D4DF26CE7D9400215DFE /* Assets.xcassets */ = {isa = PBXFileReference; lastKnownFileType = folder.assetcatalog; path = Assets.xcassets; sourceTree = "<group>"; };
		91D6D4E226CE7D9400215DFE /* Base */ = {isa = PBXFileReference; lastKnownFileType = file.storyboard; name = Base; path = Base.lproj/LaunchScreen.storyboard; sourceTree = "<group>"; };
		91D6D4E426CE7D9400215DFE /* Info.plist */ = {isa = PBXFileReference; lastKnownFileType = text.plist.xml; path = Info.plist; sourceTree = "<group>"; };
		91D6D4F226CE898600215DFE /* NewsApiManager.swift */ = {isa = PBXFileReference; lastKnownFileType = sourcecode.swift; path = NewsApiManager.swift; sourceTree = "<group>"; };
		91D6D4F626CE8B0900215DFE /* Article.swift */ = {isa = PBXFileReference; lastKnownFileType = sourcecode.swift; path = Article.swift; sourceTree = "<group>"; };
		91D6D4F926CE8C7500215DFE /* Globals.swift */ = {isa = PBXFileReference; lastKnownFileType = sourcecode.swift; path = Globals.swift; sourceTree = "<group>"; };
		91D6D4FC26CE987200215DFE /* NewsApiResponse.swift */ = {isa = PBXFileReference; lastKnownFileType = sourcecode.swift; path = NewsApiResponse.swift; sourceTree = "<group>"; };
		C66586F9F58C74A6D8FBE29B /* Pods-NewsApp.debug.xcconfig */ = {isa = PBXFileReference; includeInIndex = 1; lastKnownFileType = text.xcconfig; name = "Pods-NewsApp.debug.xcconfig"; path = "Target Support Files/Pods-NewsApp/Pods-NewsApp.debug.xcconfig"; sourceTree = "<group>"; };
/* End PBXFileReference section */

/* Begin PBXFrameworksBuildPhase section */
		91D6D4D026CE7D9200215DFE /* Frameworks */ = {
			isa = PBXFrameworksBuildPhase;
			buildActionMask = 2147483647;
			files = (
				89925FAD40F65FBDB217B510 /* Pods_NewsApp.framework in Frameworks */,
			);
			runOnlyForDeploymentPostprocessing = 0;
		};
/* End PBXFrameworksBuildPhase section */

/* Begin PBXGroup section */
		129AA4D3E7A2C13226EC8B19 /* Pods */ = {
			isa = PBXGroup;
			children = (
				C66586F9F58C74A6D8FBE29B /* Pods-NewsApp.debug.xcconfig */,
				51160C0C2BF9563A3FC8D675 /* Pods-NewsApp.release.xcconfig */,
			);
			path = Pods;
			sourceTree = "<group>";
		};
		914BDF7B26CFF96200465E41 /* Cells */ = {
			isa = PBXGroup;
			children = (
				914BDF9A26D0235300465E41 /* collectionViewCell */,
				914BDF9926D0234700465E41 /* tableViewCell */,
			);
			path = Cells;
			sourceTree = "<group>";
		};
		914BDF8226CFFA8D00465E41 /* ViewModels */ = {
			isa = PBXGroup;
			children = (
				914BDF8326CFFAAD00465E41 /* NewsFeedViewModel.swift */,
			);
			path = ViewModels;
			sourceTree = "<group>";
		};
		914BDF9926D0234700465E41 /* tableViewCell */ = {
			isa = PBXGroup;
			children = (
				914BDF7C26CFF9AA00465E41 /* ArticleTableViewCell.swift */,
				914BDF7D26CFF9AA00465E41 /* ArticleTableViewCell.xib */,
			);
			path = tableViewCell;
			sourceTree = "<group>";
		};
		914BDF9A26D0235300465E41 /* collectionViewCell */ = {
			isa = PBXGroup;
			children = (
				914BDF9C26D02D6A00465E41 /* CategoryCollectionViewCell.swift */,
				914BDF9D26D02D6A00465E41 /* CategoryCollectionViewCell.xib */,
			);
			path = collectionViewCell;
			sourceTree = "<group>";
		};
		91D6D4CA26CE7D9200215DFE = {
			isa = PBXGroup;
			children = (
				91D6D4D526CE7D9200215DFE /* NewsApp */,
				91D6D4D426CE7D9200215DFE /* Products */,
				129AA4D3E7A2C13226EC8B19 /* Pods */,
				FF36D0A5A6D24E64AF524900 /* Frameworks */,
			);
			sourceTree = "<group>";
		};
		91D6D4D426CE7D9200215DFE /* Products */ = {
			isa = PBXGroup;
			children = (
				91D6D4D326CE7D9200215DFE /* NewsApp.app */,
			);
			name = Products;
			sourceTree = "<group>";
		};
		91D6D4D526CE7D9200215DFE /* NewsApp */ = {
			isa = PBXGroup;
			children = (
				914BDF8226CFFA8D00465E41 /* ViewModels */,
				91D6D4F026CE7F9700215DFE /* Assets */,
				91D6D4EF26CE7F8F00215DFE /* Helpers */,
				91D6D4EE26CE7F8300215DFE /* ViewController */,
				91D6D4ED26CE7F7B00215DFE /* Models */,
				91D6D4EC26CE7F6700215DFE /* Views */,
				91D6D4EB26CE7F5E00215DFE /* Service */,
				91D6D4E426CE7D9400215DFE /* Info.plist */,
			);
			path = NewsApp;
			sourceTree = "<group>";
		};
		91D6D4EB26CE7F5E00215DFE /* Service */ = {
			isa = PBXGroup;
			children = (
				91D6D4F226CE898600215DFE /* NewsApiManager.swift */,
			);
			path = Service;
			sourceTree = "<group>";
		};
		91D6D4EC26CE7F6700215DFE /* Views */ = {
			isa = PBXGroup;
			children = (
				914BDF7B26CFF96200465E41 /* Cells */,
				91D6D4DC26CE7D9200215DFE /* Main.storyboard */,
				91D6D4E126CE7D9400215DFE /* LaunchScreen.storyboard */,
			);
			path = Views;
			sourceTree = "<group>";
		};
		91D6D4ED26CE7F7B00215DFE /* Models */ = {
			isa = PBXGroup;
			children = (
				91D6D4FC26CE987200215DFE /* NewsApiResponse.swift */,
				91D6D4F626CE8B0900215DFE /* Article.swift */,
				914BDFA126D02E5300465E41 /* Category.swift */,
			);
			path = Models;
			sourceTree = "<group>";
		};
		91D6D4EE26CE7F8300215DFE /* ViewController */ = {
			isa = PBXGroup;
			children = (
				91D6D4DA26CE7D9200215DFE /* NewsFeedViewController.swift */,
				914BDFAF26D0A3DF00465E41 /* ArticleDetailViewController.swift */,
			);
			path = ViewController;
			sourceTree = "<group>";
		};
		91D6D4EF26CE7F8F00215DFE /* Helpers */ = {
			isa = PBXGroup;
			children = (
				91D6D4D626CE7D9200215DFE /* AppDelegate.swift */,
				91D6D4D826CE7D9200215DFE /* SceneDelegate.swift */,
				91D6D4F926CE8C7500215DFE /* Globals.swift */,
				914BDF9126D0195400465E41 /* UtitlyManager.swift */,
			);
			path = Helpers;
			sourceTree = "<group>";
		};
		91D6D4F026CE7F9700215DFE /* Assets */ = {
			isa = PBXGroup;
			children = (
				91D6D4DF26CE7D9400215DFE /* Assets.xcassets */,
			);
			path = Assets;
			sourceTree = "<group>";
		};
		FF36D0A5A6D24E64AF524900 /* Frameworks */ = {
			isa = PBXGroup;
			children = (
				1915BC2D8F11227A240065D1 /* Pods_NewsApp.framework */,
			);
			name = Frameworks;
			sourceTree = "<group>";
		};
/* End PBXGroup section */

/* Begin PBXNativeTarget section */
		91D6D4D226CE7D9200215DFE /* NewsApp */ = {
			isa = PBXNativeTarget;
			buildConfigurationList = 91D6D4E726CE7D9400215DFE /* Build configuration list for PBXNativeTarget "NewsApp" */;
			buildPhases = (
				3587275133E5A65898DF92CA /* [CP] Check Pods Manifest.lock */,
				91D6D4CF26CE7D9200215DFE /* Sources */,
				91D6D4D026CE7D9200215DFE /* Frameworks */,
				91D6D4D126CE7D9200215DFE /* Resources */,
				F4827B6F045BDB27DE577A03 /* [CP] Embed Pods Frameworks */,
			);
			buildRules = (
			);
			dependencies = (
			);
			name = NewsApp;
			productName = NewsApp;
			productReference = 91D6D4D326CE7D9200215DFE /* NewsApp.app */;
			productType = "com.apple.product-type.application";
		};
/* End PBXNativeTarget section */

/* Begin PBXProject section */
		91D6D4CB26CE7D9200215DFE /* Project object */ = {
			isa = PBXProject;
			attributes = {
				LastSwiftUpdateCheck = 1200;
				LastUpgradeCheck = 1200;
				TargetAttributes = {
					91D6D4D226CE7D9200215DFE = {
						CreatedOnToolsVersion = 12.0.1;
					};
				};
			};
			buildConfigurationList = 91D6D4CE26CE7D9200215DFE /* Build configuration list for PBXProject "NewsApp" */;
			compatibilityVersion = "Xcode 9.3";
			developmentRegion = en;
			hasScannedForEncodings = 0;
			knownRegions = (
				en,
				Base,
			);
			mainGroup = 91D6D4CA26CE7D9200215DFE;
			productRefGroup = 91D6D4D426CE7D9200215DFE /* Products */;
			projectDirPath = "";
			projectRoot = "";
			targets = (
				91D6D4D226CE7D9200215DFE /* NewsApp */,
			);
		};
/* End PBXProject section */

/* Begin PBXResourcesBuildPhase section */
		91D6D4D126CE7D9200215DFE /* Resources */ = {
			isa = PBXResourcesBuildPhase;
			buildActionMask = 2147483647;
			files = (
				914BDF7F26CFF9AA00465E41 /* ArticleTableViewCell.xib in Resources */,
				914BDF9F26D02D6B00465E41 /* CategoryCollectionViewCell.xib in Resources */,
				91D6D4E326CE7D9400215DFE /* LaunchScreen.storyboard in Resources */,
				91D6D4E026CE7D9400215DFE /* Assets.xcassets in Resources */,
				91D6D4DE26CE7D9200215DFE /* Main.storyboard in Resources */,
			);
			runOnlyForDeploymentPostprocessing = 0;
		};
/* End PBXResourcesBuildPhase section */

/* Begin PBXShellScriptBuildPhase section */
		3587275133E5A65898DF92CA /* [CP] Check Pods Manifest.lock */ = {
			isa = PBXShellScriptBuildPhase;
			buildActionMask = 2147483647;
			files = (
			);
			inputFileListPaths = (
			);
			inputPaths = (
				"${PODS_PODFILE_DIR_PATH}/Podfile.lock",
				"${PODS_ROOT}/Manifest.lock",
			);
			name = "[CP] Check Pods Manifest.lock";
			outputFileListPaths = (
			);
			outputPaths = (
				"$(DERIVED_FILE_DIR)/Pods-NewsApp-checkManifestLockResult.txt",
			);
			runOnlyForDeploymentPostprocessing = 0;
			shellPath = /bin/sh;
			shellScript = "diff \"${PODS_PODFILE_DIR_PATH}/Podfile.lock\" \"${PODS_ROOT}/Manifest.lock\" > /dev/null\nif [ $? != 0 ] ; then\n    # print error to STDERR\n    echo \"error: The sandbox is not in sync with the Podfile.lock. Run 'pod install' or update your CocoaPods installation.\" >&2\n    exit 1\nfi\n# This output is used by Xcode 'outputs' to avoid re-running this script phase.\necho \"SUCCESS\" > \"${SCRIPT_OUTPUT_FILE_0}\"\n";
			showEnvVarsInLog = 0;
		};
		F4827B6F045BDB27DE577A03 /* [CP] Embed Pods Frameworks */ = {
			isa = PBXShellScriptBuildPhase;
			buildActionMask = 2147483647;
			files = (
			);
			inputFileListPaths = (
				"${PODS_ROOT}/Target Support Files/Pods-NewsApp/Pods-NewsApp-frameworks-${CONFIGURATION}-input-files.xcfilelist",
			);
			name = "[CP] Embed Pods Frameworks";
			outputFileListPaths = (
				"${PODS_ROOT}/Target Support Files/Pods-NewsApp/Pods-NewsApp-frameworks-${CONFIGURATION}-output-files.xcfilelist",
			);
			runOnlyForDeploymentPostprocessing = 0;
			shellPath = /bin/sh;
			shellScript = "\"${PODS_ROOT}/Target Support Files/Pods-NewsApp/Pods-NewsApp-frameworks.sh\"\n";
			showEnvVarsInLog = 0;
		};
/* End PBXShellScriptBuildPhase section */

/* Begin PBXSourcesBuildPhase section */
		91D6D4CF26CE7D9200215DFE /* Sources */ = {
			isa = PBXSourcesBuildPhase;
			buildActionMask = 2147483647;
			files = (
				91D6D4DB26CE7D9200215DFE /* NewsFeedViewController.swift in Sources */,
				91D6D4F726CE8B0900215DFE /* Article.swift in Sources */,
				91D6D4FA26CE8C7500215DFE /* Globals.swift in Sources */,
				91D6D4D726CE7D9200215DFE /* AppDelegate.swift in Sources */,
				914BDF8426CFFAAD00465E41 /* NewsFeedViewModel.swift in Sources */,
				914BDF7E26CFF9AA00465E41 /* ArticleTableViewCell.swift in Sources */,
				91D6D4D926CE7D9200215DFE /* SceneDelegate.swift in Sources */,
				91D6D4FD26CE987200215DFE /* NewsApiResponse.swift in Sources */,
				914BDF9E26D02D6B00465E41 /* CategoryCollectionViewCell.swift in Sources */,
				914BDF9226D0195400465E41 /* UtitlyManager.swift in Sources */,
				914BDFB026D0A3DF00465E41 /* ArticleDetailViewController.swift in Sources */,
				91D6D4F326CE898600215DFE /* NewsApiManager.swift in Sources */,
				914BDFA226D02E5300465E41 /* Category.swift in Sources */,
			);
			runOnlyForDeploymentPostprocessing = 0;
		};
/* End PBXSourcesBuildPhase section */

/* Begin PBXVariantGroup section */
		91D6D4DC26CE7D9200215DFE /* Main.storyboard */ = {
			isa = PBXVariantGroup;
			children = (
				91D6D4DD26CE7D9200215DFE /* Base */,
			);
			name = Main.storyboard;
			sourceTree = "<group>";
		};
		91D6D4E126CE7D9400215DFE /* LaunchScreen.storyboard */ = {
			isa = PBXVariantGroup;
			children = (
				91D6D4E226CE7D9400215DFE /* Base */,
			);
			name = LaunchScreen.storyboard;
			sourceTree = "<group>";
		};
/* End PBXVariantGroup section */

/* Begin XCBuildConfiguration section */
		91D6D4E526CE7D9400215DFE /* Debug */ = {
			isa = XCBuildConfiguration;
			buildSettings = {
				ALWAYS_SEARCH_USER_PATHS = NO;
				CLANG_ANALYZER_NONNULL = YES;
				CLANG_ANALYZER_NUMBER_OBJECT_CONVERSION = YES_AGGRESSIVE;
				CLANG_CXX_LANGUAGE_STANDARD = "gnu++14";
				CLANG_CXX_LIBRARY = "libc++";
				CLANG_ENABLE_MODULES = YES;
				CLANG_ENABLE_OBJC_ARC = YES;
				CLANG_ENABLE_OBJC_WEAK = YES;
				CLANG_WARN_BLOCK_CAPTURE_AUTORELEASING = YES;
				CLANG_WARN_BOOL_CONVERSION = YES;
				CLANG_WARN_COMMA = YES;
				CLANG_WARN_CONSTANT_CONVERSION = YES;
				CLANG_WARN_DEPRECATED_OBJC_IMPLEMENTATIONS = YES;
				CLANG_WARN_DIRECT_OBJC_ISA_USAGE = YES_ERROR;
				CLANG_WARN_DOCUMENTATION_COMMENTS = YES;
				CLANG_WARN_EMPTY_BODY = YES;
				CLANG_WARN_ENUM_CONVERSION = YES;
				CLANG_WARN_INFINITE_RECURSION = YES;
				CLANG_WARN_INT_CONVERSION = YES;
				CLANG_WARN_NON_LITERAL_NULL_CONVERSION = YES;
				CLANG_WARN_OBJC_IMPLICIT_RETAIN_SELF = YES;
				CLANG_WARN_OBJC_LITERAL_CONVERSION = YES;
				CLANG_WARN_OBJC_ROOT_CLASS = YES_ERROR;
				CLANG_WARN_QUOTED_INCLUDE_IN_FRAMEWORK_HEADER = YES;
				CLANG_WARN_RANGE_LOOP_ANALYSIS = YES;
				CLANG_WARN_STRICT_PROTOTYPES = YES;
				CLANG_WARN_SUSPICIOUS_MOVE = YES;
				CLANG_WARN_UNGUARDED_AVAILABILITY = YES_AGGRESSIVE;
				CLANG_WARN_UNREACHABLE_CODE = YES;
				CLANG_WARN__DUPLICATE_METHOD_MATCH = YES;
				COPY_PHASE_STRIP = NO;
				DEBUG_INFORMATION_FORMAT = dwarf;
				ENABLE_STRICT_OBJC_MSGSEND = YES;
				ENABLE_TESTABILITY = YES;
				GCC_C_LANGUAGE_STANDARD = gnu11;
				GCC_DYNAMIC_NO_PIC = NO;
				GCC_NO_COMMON_BLOCKS = YES;
				GCC_OPTIMIZATION_LEVEL = 0;
				GCC_PREPROCESSOR_DEFINITIONS = (
					"DEBUG=1",
					"$(inherited)",
				);
				GCC_WARN_64_TO_32_BIT_CONVERSION = YES;
				GCC_WARN_ABOUT_RETURN_TYPE = YES_ERROR;
				GCC_WARN_UNDECLARED_SELECTOR = YES;
				GCC_WARN_UNINITIALIZED_AUTOS = YES_AGGRESSIVE;
				GCC_WARN_UNUSED_FUNCTION = YES;
				GCC_WARN_UNUSED_VARIABLE = YES;
				IPHONEOS_DEPLOYMENT_TARGET = 14.0;
				MTL_ENABLE_DEBUG_INFO = INCLUDE_SOURCE;
				MTL_FAST_MATH = YES;
				ONLY_ACTIVE_ARCH = YES;
				SDKROOT = iphoneos;
				SWIFT_ACTIVE_COMPILATION_CONDITIONS = DEBUG;
				SWIFT_OPTIMIZATION_LEVEL = "-Onone";
			};
			name = Debug;
		};
		91D6D4E626CE7D9400215DFE /* Release */ = {
			isa = XCBuildConfiguration;
			buildSettings = {
				ALWAYS_SEARCH_USER_PATHS = NO;
				CLANG_ANALYZER_NONNULL = YES;
				CLANG_ANALYZER_NUMBER_OBJECT_CONVERSION = YES_AGGRESSIVE;
				CLANG_CXX_LANGUAGE_STANDARD = "gnu++14";
				CLANG_CXX_LIBRARY = "libc++";
				CLANG_ENABLE_MODULES = YES;
				CLANG_ENABLE_OBJC_ARC = YES;
				CLANG_ENABLE_OBJC_WEAK = YES;
				CLANG_WARN_BLOCK_CAPTURE_AUTORELEASING = YES;
				CLANG_WARN_BOOL_CONVERSION = YES;
				CLANG_WARN_COMMA = YES;
				CLANG_WARN_CONSTANT_CONVERSION = YES;
				CLANG_WARN_DEPRECATED_OBJC_IMPLEMENTATIONS = YES;
				CLANG_WARN_DIRECT_OBJC_ISA_USAGE = YES_ERROR;
				CLANG_WARN_DOCUMENTATION_COMMENTS = YES;
				CLANG_WARN_EMPTY_BODY = YES;
				CLANG_WARN_ENUM_CONVERSION = YES;
				CLANG_WARN_INFINITE_RECURSION = YES;
				CLANG_WARN_INT_CONVERSION = YES;
				CLANG_WARN_NON_LITERAL_NULL_CONVERSION = YES;
				CLANG_WARN_OBJC_IMPLICIT_RETAIN_SELF = YES;
				CLANG_WARN_OBJC_LITERAL_CONVERSION = YES;
				CLANG_WARN_OBJC_ROOT_CLASS = YES_ERROR;
				CLANG_WARN_QUOTED_INCLUDE_IN_FRAMEWORK_HEADER = YES;
				CLANG_WARN_RANGE_LOOP_ANALYSIS = YES;
				CLANG_WARN_STRICT_PROTOTYPES = YES;
				CLANG_WARN_SUSPICIOUS_MOVE = YES;
				CLANG_WARN_UNGUARDED_AVAILABILITY = YES_AGGRESSIVE;
				CLANG_WARN_UNREACHABLE_CODE = YES;
				CLANG_WARN__DUPLICATE_METHOD_MATCH = YES;
				COPY_PHASE_STRIP = NO;
				DEBUG_INFORMATION_FORMAT = "dwarf-with-dsym";
				ENABLE_NS_ASSERTIONS = NO;
				ENABLE_STRICT_OBJC_MSGSEND = YES;
				GCC_C_LANGUAGE_STANDARD = gnu11;
				GCC_NO_COMMON_BLOCKS = YES;
				GCC_WARN_64_TO_32_BIT_CONVERSION = YES;
				GCC_WARN_ABOUT_RETURN_TYPE = YES_ERROR;
				GCC_WARN_UNDECLARED_SELECTOR = YES;
				GCC_WARN_UNINITIALIZED_AUTOS = YES_AGGRESSIVE;
				GCC_WARN_UNUSED_FUNCTION = YES;
				GCC_WARN_UNUSED_VARIABLE = YES;
				IPHONEOS_DEPLOYMENT_TARGET = 14.0;
				MTL_ENABLE_DEBUG_INFO = NO;
				MTL_FAST_MATH = YES;
				SDKROOT = iphoneos;
				SWIFT_COMPILATION_MODE = wholemodule;
				SWIFT_OPTIMIZATION_LEVEL = "-O";
				VALIDATE_PRODUCT = YES;
			};
			name = Release;
		};
		91D6D4E826CE7D9400215DFE /* Debug */ = {
			isa = XCBuildConfiguration;
			baseConfigurationReference = C66586F9F58C74A6D8FBE29B /* Pods-NewsApp.debug.xcconfig */;
			buildSettings = {
				ASSETCATALOG_COMPILER_APPICON_NAME = AppIcon;
				ASSETCATALOG_COMPILER_GLOBAL_ACCENT_COLOR_NAME = AccentColor;
				CODE_SIGN_STYLE = Automatic;
				INFOPLIST_FILE = NewsApp/Info.plist;
				LD_RUNPATH_SEARCH_PATHS = (
					"$(inherited)",
					"@executable_path/Frameworks",
				);
				PRODUCT_BUNDLE_IDENTIFIER = com.tarek.NewsApp;
				PRODUCT_NAME = "$(TARGET_NAME)";
				SWIFT_VERSION = 5.0;
				TARGETED_DEVICE_FAMILY = "1,2";
			};
			name = Debug;
		};
		91D6D4E926CE7D9400215DFE /* Release */ = {
			isa = XCBuildConfiguration;
			baseConfigurationReference = 51160C0C2BF9563A3FC8D675 /* Pods-NewsApp.release.xcconfig */;
			buildSettings = {
				ASSETCATALOG_COMPILER_APPICON_NAME = AppIcon;
				ASSETCATALOG_COMPILER_GLOBAL_ACCENT_COLOR_NAME = AccentColor;
				CODE_SIGN_STYLE = Automatic;
				INFOPLIST_FILE = NewsApp/Info.plist;
				LD_RUNPATH_SEARCH_PATHS = (
					"$(inherited)",
					"@executable_path/Frameworks",
				);
				PRODUCT_BUNDLE_IDENTIFIER = com.tarek.NewsApp;
				PRODUCT_NAME = "$(TARGET_NAME)";
				SWIFT_VERSION = 5.0;
				TARGETED_DEVICE_FAMILY = "1,2";
			};
			name = Release;
		};
/* End XCBuildConfiguration section */

/* Begin XCConfigurationList section */
		91D6D4CE26CE7D9200215DFE /* Build configuration list for PBXProject "NewsApp" */ = {
			isa = XCConfigurationList;
			buildConfigurations = (
				91D6D4E526CE7D9400215DFE /* Debug */,
				91D6D4E626CE7D9400215DFE /* Release */,
			);
			defaultConfigurationIsVisible = 0;
			defaultConfigurationName = Release;
		};
		91D6D4E726CE7D9400215DFE /* Build configuration list for PBXNativeTarget "NewsApp" */ = {
			isa = XCConfigurationList;
			buildConfigurations = (
				91D6D4E826CE7D9400215DFE /* Debug */,
				91D6D4E926CE7D9400215DFE /* Release */,
			);
			defaultConfigurationIsVisible = 0;
			defaultConfigurationName = Release;
		};
/* End XCConfigurationList section */
	};
	rootObject = 91D6D4CB26CE7D9200215DFE /* Project object */;
}
